{"1.2.0",
[{<<"bcrypte">>,
  {git,"https://github.com/ts-klassen/bcrypte.git",
       {ref,"5be51738e1d199e09c95c092daa21ce7ebe1d28d"}},
  0},
 {<<"cowboy">>,
  {git,"https://github.com/ninenines/cowboy.git",
       {ref,"81f3a21474155f68fbf494b7026b9678027d303e"}},
  0},
 {<<"cowlib">>,
  {git,"https://github.com/ninenines/cowlib",
       {ref,"cc04201c1d0e1d5603cd1cde037ab729b192634c"}},
  1},
 {<<"embe">>,
  {git,"https://github.com/ts-klassen/embe.git",
       {ref,"3e4bbda394f6d207995aa259dcce9c2283897285"}},
  0},
 {<<"gpte">>,
  {git,"https://github.com/ts-klassen/gpte.git",
       {ref,"081408d0788ccc156c8843bcb85e933d2350062c"}},
  1},
 {<<"jsone">>,
  {git,"https://github.com/sile/jsone.git",
       {ref,"e25344b6c202dd7ffe520c0fb623c1ac53b637df"}},
  1},
 {<<"klsn">>,
  {git,"https://github.com/ts-klassen/klsn.git",
       {ref,"50f0b38572c0cce307ccc5405543461e3659250a"}},
  0},
 {<<"observer_cli">>,{pkg,<<"observer_cli">>,<<"1.7.4">>},0},
 {<<"ranch">>,
  {git,"https://github.com/ninenines/ranch",
       {ref,"a692f44567034dacf5efcaa24a24183788594eb7"}},
  1},
 {<<"recon">>,{pkg,<<"recon">>,<<"2.5.5">>},1}]}.
[
{pkg_hash,[
 {<<"observer_cli">>, <<"3C1BFB6D91BF68F6A3D15F46AE20DA0F7740D363EE5BC041191CE8722A6C4FAE">>},
 {<<"recon">>, <<"C108A4C406FA301A529151A3BB53158CADC4064EC0C5F99B03DDB8C0E4281BDF">>}]},
{pkg_hash_ext,[
 {<<"observer_cli">>, <<"50DE6D95D814F447458BD5D72666A74624EDDB0EF98BDCEE61A0153AAE0865FF">>},
 {<<"recon">>, <<"632A6F447DF7CCC1A4A10BDCFCE71514412B16660FE59DECA0FCF0AA3C054404">>}]}
].
